
Microsoft Visual Studio Solution File, Format Version 12.00
# Visual Studio Version 17
VisualStudioVersion = 17.4.33213.308
MinimumVisualStudioVersion = 10.0.40219.1
Project("{FAE04EC0-301F-11D3-BF4B-00C04F79EFBC}") = "Pract19 ptpm", "Pract19 ptpm\Pract19 ptpm.csproj", "{DEAD916F-780F-4609-BCCF-74DBF7E63467}"
EndProject
Global
	GlobalSection(SolutionConfigurationPlatforms) = preSolution
		Debug|Any CPU = Debug|Any CPU
		Release|Any CPU = Release|Any CPU
	EndGlobalSection
	GlobalSection(ProjectConfigurationPlatforms) = postSolution
		{DEAD916F-780F-4609-BCCF-74DBF7E63467}.Debug|Any CPU.ActiveCfg = Debug|Any CPU
		{DEAD916F-780F-4609-BCCF-74DBF7E63467}.Debug|Any CPU.Build.0 = Debug|Any CPU
		{DEAD916F-780F-4609-BCCF-74DBF7E63467}.Release|Any CPU.ActiveCfg = Release|Any CPU
		{DEAD916F-780F-4609-BCCF-74DBF7E63467}.Release|Any CPU.Build.0 = Release|Any CPU
	EndGlobalSection
	GlobalSection(SolutionProperties) = preSolution
		HideSolutionNode = FALSE
	EndGlobalSection
	GlobalSection(ExtensibilityGlobals) = postSolution
		SolutionGuid = {7ED16F60-4078-46E7-8FC5-27F7ADAA3638}
	EndGlobalSection
EndGlobal
